
Microsoft Visual Studio Solution File, Format Version 12.00
# Visual Studio Version 17
VisualStudioVersion = 17.5.002.0
MinimumVisualStudioVersion = 10.0.40219.1
Project("{2150E333-8FDC-42A3-9474-1A3956D46DE8}") = "csharp-prep", "csharp-prep", "{F033A4D9-0144-42FD-BA1D-2E8961B1DC3A}"
EndProject
Project("{9A19103F-16F7-4668-BE54-9A1E7A4F7556}") = "Prep1", "csharp-prep\Prep1\Prep1.csproj", "{23007D8C-1FF4-4894-9649-E162E1182A07}"
EndProject
Project("{9A19103F-16F7-4668-BE54-9A1E7A4F7556}") = "Prep2", "csharp-prep\Prep2\Prep2.csproj", "{A481459E-B0D7-4DEF-AD24-DD9EF8D03E84}"
EndProject
Project("{9A19103F-16F7-4668-BE54-9A1E7A4F7556}") = "Prep3", "csharp-prep\Prep3\Prep3.csproj", "{E0B1E960-81F1-4106-A5E5-E75E9CA26F46}"
EndProject
Project("{9A19103F-16F7-4668-BE54-9A1E7A4F7556}") = "Prep4", "csharp-prep\Prep4\Prep4.csproj", "{825FE7CE-00AC-4E89-B1D8-D957EF794E4D}"
EndProject
Project("{9A19103F-16F7-4668-BE54-9A1E7A4F7556}") = "Prep5", "csharp-prep\Prep5\Prep5.csproj", "{488AC7C3-2457-4F88-9283-18F4B69FA484}"
EndProject
Project("{2150E333-8FDC-42A3-9474-1A3956D46DE8}") = "final", "final", "{D32739FA-8FB5-4F06-A6CF-F7B213D459E0}"
EndProject
Project("{9A19103F-16F7-4668-BE54-9A1E7A4F7556}") = "FinalProject", "final\FinalProject\FinalProject.csproj", "{326D6A85-B971-49EA-ACA0-4C46B9476B36}"
EndProject
Project("{9A19103F-16F7-4668-BE54-9A1E7A4F7556}") = "Foundation1", "final\Foundation1\Foundation1.csproj", "{5B93655B-4F58-453D-9A41-4140958319FF}"
EndProject
Project("{9A19103F-16F7-4668-BE54-9A1E7A4F7556}") = "Foundation2", "final\Foundation2\Foundation2.csproj", "{E8D12723-C706-4A86-A884-1049812BE525}"
EndProject
Project("{9A19103F-16F7-4668-BE54-9A1E7A4F7556}") = "Foundation3", "final\Foundation3\Foundation3.csproj", "{271632E9-5C5D-4976-B833-B8A2EC4898B0}"
EndProject
Project("{9A19103F-16F7-4668-BE54-9A1E7A4F7556}") = "Foundation4", "final\Foundation4\Foundation4.csproj", "{9263D823-6749-4CB0-A1C3-6B7697FBBBDD}"
EndProject
Project("{2150E333-8FDC-42A3-9474-1A3956D46DE8}") = "prepare", "prepare", "{D873158D-C07E-493A-8104-CF7EAB232287}"
EndProject
Project("{9A19103F-16F7-4668-BE54-9A1E7A4F7556}") = "Learning02", "prepare\Learning02\Learning02.csproj", "{7101635D-113D-44A7-8335-C56FE49B5BB8}"
EndProject
Project("{9A19103F-16F7-4668-BE54-9A1E7A4F7556}") = "Learning03", "prepare\Learning03\Learning03.csproj", "{F1B82461-2407-40B4-A5E2-CA9CBBA6B815}"
EndProject
Project("{9A19103F-16F7-4668-BE54-9A1E7A4F7556}") = "Learning04", "prepare\Learning04\Learning04.csproj", "{0D50CAAF-5C04-4372-9CE0-E25022906D26}"
EndProject
Project("{9A19103F-16F7-4668-BE54-9A1E7A4F7556}") = "Learning05", "prepare\Learning05\Learning05.csproj", "{3B48B1AA-0793-43D5-82C3-B181F0CC79AE}"
EndProject
Project("{2150E333-8FDC-42A3-9474-1A3956D46DE8}") = "prove", "prove", "{686CB8B0-AC24-4D3C-A35A-5AD8FD2C7166}"
EndProject
Project("{9A19103F-16F7-4668-BE54-9A1E7A4F7556}") = "Develop02", "prove\Develop02\Develop02.csproj", "{A0A94B72-9216-4B0A-AC17-F8F5C96913D7}"
EndProject
Project("{9A19103F-16F7-4668-BE54-9A1E7A4F7556}") = "Develop03", "prove\Develop03\Develop03.csproj", "{8A8AFFA0-83B6-42D4-B5EB-0DD290A97466}"
EndProject
Project("{9A19103F-16F7-4668-BE54-9A1E7A4F7556}") = "Develop04", "prove\Develop04\Develop04.csproj", "{5079A8D3-F342-4E41-9614-B1804D98372E}"
EndProject
Project("{9A19103F-16F7-4668-BE54-9A1E7A4F7556}") = "Develop05", "prove\Develop05\Develop05.csproj", "{561A6D0F-D54C-4671-AEAF-29A5FFBB3AF7}"
EndProject
Project("{2150E333-8FDC-42A3-9474-1A3956D46DE8}") = "sandbox", "sandbox", "{FB3FD557-D72D-4F36-933B-7B71F58843C2}"
EndProject
Project("{9A19103F-16F7-4668-BE54-9A1E7A4F7556}") = "Sandbox", "sandbox\Sandbox\Sandbox.csproj", "{3D88957B-3676-4621-9806-52353CB5EB21}"
EndProject
Global
	GlobalSection(SolutionConfigurationPlatforms) = preSolution
		Debug|Any CPU = Debug|Any CPU
		Release|Any CPU = Release|Any CPU
	EndGlobalSection
	GlobalSection(ProjectConfigurationPlatforms) = postSolution
		{23007D8C-1FF4-4894-9649-E162E1182A07}.Debug|Any CPU.ActiveCfg = Debug|Any CPU
		{23007D8C-1FF4-4894-9649-E162E1182A07}.Debug|Any CPU.Build.0 = Debug|Any CPU
		{23007D8C-1FF4-4894-9649-E162E1182A07}.Release|Any CPU.ActiveCfg = Release|Any CPU
		{23007D8C-1FF4-4894-9649-E162E1182A07}.Release|Any CPU.Build.0 = Release|Any CPU
		{A481459E-B0D7-4DEF-AD24-DD9EF8D03E84}.Debug|Any CPU.ActiveCfg = Debug|Any CPU
		{A481459E-B0D7-4DEF-AD24-DD9EF8D03E84}.Debug|Any CPU.Build.0 = Debug|Any CPU
		{A481459E-B0D7-4DEF-AD24-DD9EF8D03E84}.Release|Any CPU.ActiveCfg = Release|Any CPU
		{A481459E-B0D7-4DEF-AD24-DD9EF8D03E84}.Release|Any CPU.Build.0 = Release|Any CPU
		{E0B1E960-81F1-4106-A5E5-E75E9CA26F46}.Debug|Any CPU.ActiveCfg = Debug|Any CPU
		{E0B1E960-81F1-4106-A5E5-E75E9CA26F46}.Debug|Any CPU.Build.0 = Debug|Any CPU
		{E0B1E960-81F1-4106-A5E5-E75E9CA26F46}.Release|Any CPU.ActiveCfg = Release|Any CPU
		{E0B1E960-81F1-4106-A5E5-E75E9CA26F46}.Release|Any CPU.Build.0 = Release|Any CPU
		{825FE7CE-00AC-4E89-B1D8-D957EF794E4D}.Debug|Any CPU.ActiveCfg = Debug|Any CPU
		{825FE7CE-00AC-4E89-B1D8-D957EF794E4D}.Debug|Any CPU.Build.0 = Debug|Any CPU
		{825FE7CE-00AC-4E89-B1D8-D957EF794E4D}.Release|Any CPU.ActiveCfg = Release|Any CPU
		{825FE7CE-00AC-4E89-B1D8-D957EF794E4D}.Release|Any CPU.Build.0 = Release|Any CPU
		{488AC7C3-2457-4F88-9283-18F4B69FA484}.Debug|Any CPU.ActiveCfg = Debug|Any CPU
		{488AC7C3-2457-4F88-9283-18F4B69FA484}.Debug|Any CPU.Build.0 = Debug|Any CPU
		{488AC7C3-2457-4F88-9283-18F4B69FA484}.Release|Any CPU.ActiveCfg = Release|Any CPU
		{488AC7C3-2457-4F88-9283-18F4B69FA484}.Release|Any CPU.Build.0 = Release|Any CPU
		{326D6A85-B971-49EA-ACA0-4C46B9476B36}.Debug|Any CPU.ActiveCfg = Debug|Any CPU
		{326D6A85-B971-49EA-ACA0-4C46B9476B36}.Debug|Any CPU.Build.0 = Debug|Any CPU
		{326D6A85-B971-49EA-ACA0-4C46B9476B36}.Release|Any CPU.ActiveCfg = Release|Any CPU
		{326D6A85-B971-49EA-ACA0-4C46B9476B36}.Release|Any CPU.Build.0 = Release|Any CPU
		{5B93655B-4F58-453D-9A41-4140958319FF}.Debug|Any CPU.ActiveCfg = Debug|Any CPU
		{5B93655B-4F58-453D-9A41-4140958319FF}.Debug|Any CPU.Build.0 = Debug|Any CPU
		{5B93655B-4F58-453D-9A41-4140958319FF}.Release|Any CPU.ActiveCfg = Release|Any CPU
		{5B93655B-4F58-453D-9A41-4140958319FF}.Release|Any CPU.Build.0 = Release|Any CPU
		{E8D12723-C706-4A86-A884-1049812BE525}.Debug|Any CPU.ActiveCfg = Debug|Any CPU
		{E8D12723-C706-4A86-A884-1049812BE525}.Debug|Any CPU.Build.0 = Debug|Any CPU
		{E8D12723-C706-4A86-A884-1049812BE525}.Release|Any CPU.ActiveCfg = Release|Any CPU
		{E8D12723-C706-4A86-A884-1049812BE525}.Release|Any CPU.Build.0 = Release|Any CPU
		{271632E9-5C5D-4976-B833-B8A2EC4898B0}.Debug|Any CPU.ActiveCfg = Debug|Any CPU
		{271632E9-5C5D-4976-B833-B8A2EC4898B0}.Debug|Any CPU.Build.0 = Debug|Any CPU
		{271632E9-5C5D-4976-B833-B8A2EC4898B0}.Release|Any CPU.ActiveCfg = Release|Any CPU
		{271632E9-5C5D-4976-B833-B8A2EC4898B0}.Release|Any CPU.Build.0 = Release|Any CPU
		{9263D823-6749-4CB0-A1C3-6B7697FBBBDD}.Debug|Any CPU.ActiveCfg = Debug|Any CPU
		{9263D823-6749-4CB0-A1C3-6B7697FBBBDD}.Debug|Any CPU.Build.0 = Debug|Any CPU
		{9263D823-6749-4CB0-A1C3-6B7697FBBBDD}.Release|Any CPU.ActiveCfg = Release|Any CPU
		{9263D823-6749-4CB0-A1C3-6B7697FBBBDD}.Release|Any CPU.Build.0 = Release|Any CPU
		{7101635D-113D-44A7-8335-C56FE49B5BB8}.Debug|Any CPU.ActiveCfg = Debug|Any CPU
		{7101635D-113D-44A7-8335-C56FE49B5BB8}.Debug|Any CPU.Build.0 = Debug|Any CPU
		{7101635D-113D-44A7-8335-C56FE49B5BB8}.Release|Any CPU.ActiveCfg = Release|Any CPU
		{7101635D-113D-44A7-8335-C56FE49B5BB8}.Release|Any CPU.Build.0 = Release|Any CPU
		{F1B82461-2407-40B4-A5E2-CA9CBBA6B815}.Debug|Any CPU.ActiveCfg = Debug|Any CPU
		{F1B82461-2407-40B4-A5E2-CA9CBBA6B815}.Debug|Any CPU.Build.0 = Debug|Any CPU
		{F1B82461-2407-40B4-A5E2-CA9CBBA6B815}.Release|Any CPU.ActiveCfg = Release|Any CPU
		{F1B82461-2407-40B4-A5E2-CA9CBBA6B815}.Release|Any CPU.Build.0 = Release|Any CPU
		{0D50CAAF-5C04-4372-9CE0-E25022906D26}.Debug|Any CPU.ActiveCfg = Debug|Any CPU
		{0D50CAAF-5C04-4372-9CE0-E25022906D26}.Debug|Any CPU.Build.0 = Debug|Any CPU
		{0D50CAAF-5C04-4372-9CE0-E25022906D26}.Release|Any CPU.ActiveCfg = Release|Any CPU
		{0D50CAAF-5C04-4372-9CE0-E25022906D26}.Release|Any CPU.Build.0 = Release|Any CPU
		{3B48B1AA-0793-43D5-82C3-B181F0CC79AE}.Debug|Any CPU.ActiveCfg = Debug|Any CPU
		{3B48B1AA-0793-43D5-82C3-B181F0CC79AE}.Debug|Any CPU.Build.0 = Debug|Any CPU
		{3B48B1AA-0793-43D5-82C3-B181F0CC79AE}.Release|Any CPU.ActiveCfg = Release|Any CPU
		{3B48B1AA-0793-43D5-82C3-B181F0CC79AE}.Release|Any CPU.Build.0 = Release|Any CPU
		{A0A94B72-9216-4B0A-AC17-F8F5C96913D7}.Debug|Any CPU.ActiveCfg = Debug|Any CPU
		{A0A94B72-9216-4B0A-AC17-F8F5C96913D7}.Debug|Any CPU.Build.0 = Debug|Any CPU
		{A0A94B72-9216-4B0A-AC17-F8F5C96913D7}.Release|Any CPU.ActiveCfg = Release|Any CPU
		{A0A94B72-9216-4B0A-AC17-F8F5C96913D7}.Release|Any CPU.Build.0 = Release|Any CPU
		{8A8AFFA0-83B6-42D4-B5EB-0DD290A97466}.Debug|Any CPU.ActiveCfg = Debug|Any CPU
		{8A8AFFA0-83B6-42D4-B5EB-0DD290A97466}.Debug|Any CPU.Build.0 = Debug|Any CPU
		{8A8AFFA0-83B6-42D4-B5EB-0DD290A97466}.Release|Any CPU.ActiveCfg = Release|Any CPU
		{8A8AFFA0-83B6-42D4-B5EB-0DD290A97466}.Release|Any CPU.Build.0 = Release|Any CPU
		{5079A8D3-F342-4E41-9614-B1804D98372E}.Debug|Any CPU.ActiveCfg = Debug|Any CPU
		{5079A8D3-F342-4E41-9614-B1804D98372E}.Debug|Any CPU.Build.0 = Debug|Any CPU
		{5079A8D3-F342-4E41-9614-B1804D98372E}.Release|Any CPU.ActiveCfg = Release|Any CPU
		{5079A8D3-F342-4E41-9614-B1804D98372E}.Release|Any CPU.Build.0 = Release|Any CPU
		{561A6D0F-D54C-4671-AEAF-29A5FFBB3AF7}.Debug|Any CPU.ActiveCfg = Debug|Any CPU
		{561A6D0F-D54C-4671-AEAF-29A5FFBB3AF7}.Debug|Any CPU.Build.0 = Debug|Any CPU
		{561A6D0F-D54C-4671-AEAF-29A5FFBB3AF7}.Release|Any CPU.ActiveCfg = Release|Any CPU
		{561A6D0F-D54C-4671-AEAF-29A5FFBB3AF7}.Release|Any CPU.Build.0 = Release|Any CPU
		{3D88957B-3676-4621-9806-52353CB5EB21}.Debug|Any CPU.ActiveCfg = Debug|Any CPU
		{3D88957B-3676-4621-9806-52353CB5EB21}.Debug|Any CPU.Build.0 = Debug|Any CPU
		{3D88957B-3676-4621-9806-52353CB5EB21}.Release|Any CPU.ActiveCfg = Release|Any CPU
		{3D88957B-3676-4621-9806-52353CB5EB21}.Release|Any CPU.Build.0 = Release|Any CPU
	EndGlobalSection
	GlobalSection(SolutionProperties) = preSolution
		HideSolutionNode = FALSE
	EndGlobalSection
	GlobalSection(NestedProjects) = preSolution
		{23007D8C-1FF4-4894-9649-E162E1182A07} = {F033A4D9-0144-42FD-BA1D-2E8961B1DC3A}
		{A481459E-B0D7-4DEF-AD24-DD9EF8D03E84} = {F033A4D9-0144-42FD-BA1D-2E8961B1DC3A}
		{E0B1E960-81F1-4106-A5E5-E75E9CA26F46} = {F033A4D9-0144-42FD-BA1D-2E8961B1DC3A}
		{825FE7CE-00AC-4E89-B1D8-D957EF794E4D} = {F033A4D9-0144-42FD-BA1D-2E8961B1DC3A}
		{488AC7C3-2457-4F88-9283-18F4B69FA484} = {F033A4D9-0144-42FD-BA1D-2E8961B1DC3A}
		{326D6A85-B971-49EA-ACA0-4C46B9476B36} = {D32739FA-8FB5-4F06-A6CF-F7B213D459E0}
		{5B93655B-4F58-453D-9A41-4140958319FF} = {D32739FA-8FB5-4F06-A6CF-F7B213D459E0}
		{E8D12723-C706-4A86-A884-1049812BE525} = {D32739FA-8FB5-4F06-A6CF-F7B213D459E0}
		{271632E9-5C5D-4976-B833-B8A2EC4898B0} = {D32739FA-8FB5-4F06-A6CF-F7B213D459E0}
		{9263D823-6749-4CB0-A1C3-6B7697FBBBDD} = {D32739FA-8FB5-4F06-A6CF-F7B213D459E0}
		{7101635D-113D-44A7-8335-C56FE49B5BB8} = {D873158D-C07E-493A-8104-CF7EAB232287}
		{F1B82461-2407-40B4-A5E2-CA9CBBA6B815} = {D873158D-C07E-493A-8104-CF7EAB232287}
		{0D50CAAF-5C04-4372-9CE0-E25022906D26} = {D873158D-C07E-493A-8104-CF7EAB232287}
		{3B48B1AA-0793-43D5-82C3-B181F0CC79AE} = {D873158D-C07E-493A-8104-CF7EAB232287}
		{A0A94B72-9216-4B0A-AC17-F8F5C96913D7} = {686CB8B0-AC24-4D3C-A35A-5AD8FD2C7166}
		{8A8AFFA0-83B6-42D4-B5EB-0DD290A97466} = {686CB8B0-AC24-4D3C-A35A-5AD8FD2C7166}
		{5079A8D3-F342-4E41-9614-B1804D98372E} = {686CB8B0-AC24-4D3C-A35A-5AD8FD2C7166}
		{561A6D0F-D54C-4671-AEAF-29A5FFBB3AF7} = {686CB8B0-AC24-4D3C-A35A-5AD8FD2C7166}
		{3D88957B-3676-4621-9806-52353CB5EB21} = {FB3FD557-D72D-4F36-933B-7B71F58843C2}
	EndGlobalSection
	GlobalSection(ExtensibilityGlobals) = postSolution
		SolutionGuid = {0CBE4E67-DBA0-44A8-A73C-836F8ECEAFA4}
	EndGlobalSection
EndGlobal
